
Microsoft Visual Studio Solution File, Format Version 12.00
# Visual Studio 2013
VisualStudioVersion = 12.0.31101.0
MinimumVisualStudioVersion = 10.0.40219.1
Project("{FAE04EC0-301F-11D3-BF4B-00C04F79EFBC}") = "PunchCalculatorApp", "PunchCalculatorApp\PunchCalculatorApp\PunchCalculatorApp.csproj", "{20A6CB49-B23E-473E-9614-852584DA3738}"
EndProject
Project("{FAE04EC0-301F-11D3-BF4B-00C04F79EFBC}") = "PunchCalculatorApp.iOS", "PunchCalculatorApp\PunchCalculatorApp.iOS\PunchCalculatorApp.iOS.csproj", "{4AB56DD1-EA76-41C6-868D-AB7476FC3F41}"
EndProject
Project("{FAE04EC0-301F-11D3-BF4B-00C04F79EFBC}") = "PunchCalculatorApp.Droid", "PunchCalculatorApp\PunchCalculatorApp.Droid\PunchCalculatorApp.Droid.csproj", "{2E6E8E16-43DC-4038-8BAC-D785EF5B526C}"
EndProject
Project("{FAE04EC0-301F-11D3-BF4B-00C04F79EFBC}") = "PunchCalculatorApp.WinPhone", "PunchCalculatorApp\PunchCalculatorApp.WinPhone\PunchCalculatorApp.WinPhone.csproj", "{3413ABE5-A201-4B6E-BF19-6BC8D8E8C111}"
EndProject
Project("{2150E333-8FDC-42A3-9474-1A3956D46DE8}") = "src", "src", "{DADDDB97-11FF-48A8-AA8B-5C3D64252967}"
EndProject
Global
	GlobalSection(SolutionConfigurationPlatforms) = preSolution
		Ad-Hoc|Any CPU = Ad-Hoc|Any CPU
		Ad-Hoc|ARM = Ad-Hoc|ARM
		Ad-Hoc|iPhone = Ad-Hoc|iPhone
		Ad-Hoc|iPhoneSimulator = Ad-Hoc|iPhoneSimulator
		Ad-Hoc|Mixed Platforms = Ad-Hoc|Mixed Platforms
		Ad-Hoc|x86 = Ad-Hoc|x86
		AppStore|Any CPU = AppStore|Any CPU
		AppStore|ARM = AppStore|ARM
		AppStore|iPhone = AppStore|iPhone
		AppStore|iPhoneSimulator = AppStore|iPhoneSimulator
		AppStore|Mixed Platforms = AppStore|Mixed Platforms
		AppStore|x86 = AppStore|x86
		Debug|Any CPU = Debug|Any CPU
		Debug|ARM = Debug|ARM
		Debug|iPhone = Debug|iPhone
		Debug|iPhoneSimulator = Debug|iPhoneSimulator
		Debug|Mixed Platforms = Debug|Mixed Platforms
		Debug|x86 = Debug|x86
		Release|Any CPU = Release|Any CPU
		Release|ARM = Release|ARM
		Release|iPhone = Release|iPhone
		Release|iPhoneSimulator = Release|iPhoneSimulator
		Release|Mixed Platforms = Release|Mixed Platforms
		Release|x86 = Release|x86
	EndGlobalSection
	GlobalSection(ProjectConfigurationPlatforms) = postSolution
		{20A6CB49-B23E-473E-9614-852584DA3738}.Ad-Hoc|Any CPU.ActiveCfg = Release|Any CPU
		{20A6CB49-B23E-473E-9614-852584DA3738}.Ad-Hoc|Any CPU.Build.0 = Release|Any CPU
		{20A6CB49-B23E-473E-9614-852584DA3738}.Ad-Hoc|ARM.ActiveCfg = Release|Any CPU
		{20A6CB49-B23E-473E-9614-852584DA3738}.Ad-Hoc|iPhone.ActiveCfg = Release|Any CPU
		{20A6CB49-B23E-473E-9614-852584DA3738}.Ad-Hoc|iPhoneSimulator.ActiveCfg = Release|Any CPU
		{20A6CB49-B23E-473E-9614-852584DA3738}.Ad-Hoc|Mixed Platforms.ActiveCfg = Release|Any CPU
		{20A6CB49-B23E-473E-9614-852584DA3738}.Ad-Hoc|Mixed Platforms.Build.0 = Release|Any CPU
		{20A6CB49-B23E-473E-9614-852584DA3738}.Ad-Hoc|x86.ActiveCfg = Release|Any CPU
		{20A6CB49-B23E-473E-9614-852584DA3738}.AppStore|Any CPU.ActiveCfg = Release|Any CPU
		{20A6CB49-B23E-473E-9614-852584DA3738}.AppStore|Any CPU.Build.0 = Release|Any CPU
		{20A6CB49-B23E-473E-9614-852584DA3738}.AppStore|ARM.ActiveCfg = Release|Any CPU
		{20A6CB49-B23E-473E-9614-852584DA3738}.AppStore|iPhone.ActiveCfg = Release|Any CPU
		{20A6CB49-B23E-473E-9614-852584DA3738}.AppStore|iPhoneSimulator.ActiveCfg = Release|Any CPU
		{20A6CB49-B23E-473E-9614-852584DA3738}.AppStore|Mixed Platforms.ActiveCfg = Release|Any CPU
		{20A6CB49-B23E-473E-9614-852584DA3738}.AppStore|Mixed Platforms.Build.0 = Release|Any CPU
		{20A6CB49-B23E-473E-9614-852584DA3738}.AppStore|x86.ActiveCfg = Release|Any CPU
		{20A6CB49-B23E-473E-9614-852584DA3738}.Debug|Any CPU.ActiveCfg = Debug|Any CPU
		{20A6CB49-B23E-473E-9614-852584DA3738}.Debug|Any CPU.Build.0 = Debug|Any CPU
		{20A6CB49-B23E-473E-9614-852584DA3738}.Debug|ARM.ActiveCfg = Debug|Any CPU
		{20A6CB49-B23E-473E-9614-852584DA3738}.Debug|iPhone.ActiveCfg = Debug|Any CPU
		{20A6CB49-B23E-473E-9614-852584DA3738}.Debug|iPhoneSimulator.ActiveCfg = Debug|Any CPU
		{20A6CB49-B23E-473E-9614-852584DA3738}.Debug|Mixed Platforms.ActiveCfg = Debug|Any CPU
		{20A6CB49-B23E-473E-9614-852584DA3738}.Debug|Mixed Platforms.Build.0 = Debug|Any CPU
		{20A6CB49-B23E-473E-9614-852584DA3738}.Debug|x86.ActiveCfg = Debug|Any CPU
		{20A6CB49-B23E-473E-9614-852584DA3738}.Release|Any CPU.ActiveCfg = Release|Any CPU
		{20A6CB49-B23E-473E-9614-852584DA3738}.Release|Any CPU.Build.0 = Release|Any CPU
		{20A6CB49-B23E-473E-9614-852584DA3738}.Release|ARM.ActiveCfg = Release|Any CPU
		{20A6CB49-B23E-473E-9614-852584DA3738}.Release|iPhone.ActiveCfg = Release|Any CPU
		{20A6CB49-B23E-473E-9614-852584DA3738}.Release|iPhoneSimulator.ActiveCfg = Release|Any CPU
		{20A6CB49-B23E-473E-9614-852584DA3738}.Release|Mixed Platforms.ActiveCfg = Release|Any CPU
		{20A6CB49-B23E-473E-9614-852584DA3738}.Release|Mixed Platforms.Build.0 = Release|Any CPU
		{20A6CB49-B23E-473E-9614-852584DA3738}.Release|x86.ActiveCfg = Release|Any CPU
		{4AB56DD1-EA76-41C6-868D-AB7476FC3F41}.Ad-Hoc|Any CPU.ActiveCfg = Ad-Hoc|iPhone
		{4AB56DD1-EA76-41C6-868D-AB7476FC3F41}.Ad-Hoc|ARM.ActiveCfg = Ad-Hoc|iPhone
		{4AB56DD1-EA76-41C6-868D-AB7476FC3F41}.Ad-Hoc|iPhone.ActiveCfg = Ad-Hoc|iPhone
		{4AB56DD1-EA76-41C6-868D-AB7476FC3F41}.Ad-Hoc|iPhone.Build.0 = Ad-Hoc|iPhone
		{4AB56DD1-EA76-41C6-868D-AB7476FC3F41}.Ad-Hoc|iPhoneSimulator.ActiveCfg = Ad-Hoc|iPhoneSimulator
		{4AB56DD1-EA76-41C6-868D-AB7476FC3F41}.Ad-Hoc|iPhoneSimulator.Build.0 = Ad-Hoc|iPhoneSimulator
		{4AB56DD1-EA76-41C6-868D-AB7476FC3F41}.Ad-Hoc|Mixed Platforms.ActiveCfg = Ad-Hoc|iPhone
		{4AB56DD1-EA76-41C6-868D-AB7476FC3F41}.Ad-Hoc|Mixed Platforms.Build.0 = Ad-Hoc|iPhone
		{4AB56DD1-EA76-41C6-868D-AB7476FC3F41}.Ad-Hoc|x86.ActiveCfg = Ad-Hoc|iPhone
		{4AB56DD1-EA76-41C6-868D-AB7476FC3F41}.AppStore|Any CPU.ActiveCfg = AppStore|iPhone
		{4AB56DD1-EA76-41C6-868D-AB7476FC3F41}.AppStore|ARM.ActiveCfg = AppStore|iPhone
		{4AB56DD1-EA76-41C6-868D-AB7476FC3F41}.AppStore|iPhone.ActiveCfg = AppStore|iPhone
		{4AB56DD1-EA76-41C6-868D-AB7476FC3F41}.AppStore|iPhone.Build.0 = AppStore|iPhone
		{4AB56DD1-EA76-41C6-868D-AB7476FC3F41}.AppStore|iPhoneSimulator.ActiveCfg = AppStore|iPhoneSimulator
		{4AB56DD1-EA76-41C6-868D-AB7476FC3F41}.AppStore|iPhoneSimulator.Build.0 = AppStore|iPhoneSimulator
		{4AB56DD1-EA76-41C6-868D-AB7476FC3F41}.AppStore|Mixed Platforms.ActiveCfg = AppStore|iPhone
		{4AB56DD1-EA76-41C6-868D-AB7476FC3F41}.AppStore|Mixed Platforms.Build.0 = AppStore|iPhone
		{4AB56DD1-EA76-41C6-868D-AB7476FC3F41}.AppStore|x86.ActiveCfg = AppStore|iPhone
		{4AB56DD1-EA76-41C6-868D-AB7476FC3F41}.Debug|Any CPU.ActiveCfg = Debug|iPhone
		{4AB56DD1-EA76-41C6-868D-AB7476FC3F41}.Debug|ARM.ActiveCfg = Debug|iPhone
		{4AB56DD1-EA76-41C6-868D-AB7476FC3F41}.Debug|iPhone.ActiveCfg = Debug|iPhoneSimulator
		{4AB56DD1-EA76-41C6-868D-AB7476FC3F41}.Debug|iPhone.Build.0 = Debug|iPhoneSimulator
		{4AB56DD1-EA76-41C6-868D-AB7476FC3F41}.Debug|iPhoneSimulator.ActiveCfg = Debug|iPhoneSimulator
		{4AB56DD1-EA76-41C6-868D-AB7476FC3F41}.Debug|iPhoneSimulator.Build.0 = Debug|iPhoneSimulator
		{4AB56DD1-EA76-41C6-868D-AB7476FC3F41}.Debug|Mixed Platforms.ActiveCfg = Debug|iPhone
		{4AB56DD1-EA76-41C6-868D-AB7476FC3F41}.Debug|Mixed Platforms.Build.0 = Debug|iPhone
		{4AB56DD1-EA76-41C6-868D-AB7476FC3F41}.Debug|x86.ActiveCfg = Debug|iPhone
		{4AB56DD1-EA76-41C6-868D-AB7476FC3F41}.Release|Any CPU.ActiveCfg = Release|iPhone
		{4AB56DD1-EA76-41C6-868D-AB7476FC3F41}.Release|ARM.ActiveCfg = Release|iPhone
		{4AB56DD1-EA76-41C6-868D-AB7476FC3F41}.Release|iPhone.ActiveCfg = Release|iPhone
		{4AB56DD1-EA76-41C6-868D-AB7476FC3F41}.Release|iPhone.Build.0 = Release|iPhone
		{4AB56DD1-EA76-41C6-868D-AB7476FC3F41}.Release|iPhoneSimulator.ActiveCfg = Release|iPhoneSimulator
		{4AB56DD1-EA76-41C6-868D-AB7476FC3F41}.Release|iPhoneSimulator.Build.0 = Release|iPhoneSimulator
		{4AB56DD1-EA76-41C6-868D-AB7476FC3F41}.Release|Mixed Platforms.ActiveCfg = Release|iPhone
		{4AB56DD1-EA76-41C6-868D-AB7476FC3F41}.Release|Mixed Platforms.Build.0 = Release|iPhone
		{4AB56DD1-EA76-41C6-868D-AB7476FC3F41}.Release|x86.ActiveCfg = Release|iPhone
		{2E6E8E16-43DC-4038-8BAC-D785EF5B526C}.Ad-Hoc|Any CPU.ActiveCfg = Release|Any CPU
		{2E6E8E16-43DC-4038-8BAC-D785EF5B526C}.Ad-Hoc|Any CPU.Build.0 = Release|Any CPU
		{2E6E8E16-43DC-4038-8BAC-D785EF5B526C}.Ad-Hoc|Any CPU.Deploy.0 = Release|Any CPU
		{2E6E8E16-43DC-4038-8BAC-D785EF5B526C}.Ad-Hoc|ARM.ActiveCfg = Release|Any CPU
		{2E6E8E16-43DC-4038-8BAC-D785EF5B526C}.Ad-Hoc|iPhone.ActiveCfg = Release|Any CPU
		{2E6E8E16-43DC-4038-8BAC-D785EF5B526C}.Ad-Hoc|iPhoneSimulator.ActiveCfg = Release|Any CPU
		{2E6E8E16-43DC-4038-8BAC-D785EF5B526C}.Ad-Hoc|Mixed Platforms.ActiveCfg = Release|Any CPU
		{2E6E8E16-43DC-4038-8BAC-D785EF5B526C}.Ad-Hoc|Mixed Platforms.Build.0 = Release|Any CPU
		{2E6E8E16-43DC-4038-8BAC-D785EF5B526C}.Ad-Hoc|Mixed Platforms.Deploy.0 = Release|Any CPU
		{2E6E8E16-43DC-4038-8BAC-D785EF5B526C}.Ad-Hoc|x86.ActiveCfg = Release|Any CPU
		{2E6E8E16-43DC-4038-8BAC-D785EF5B526C}.AppStore|Any CPU.ActiveCfg = Release|Any CPU
		{2E6E8E16-43DC-4038-8BAC-D785EF5B526C}.AppStore|Any CPU.Build.0 = Release|Any CPU
		{2E6E8E16-43DC-4038-8BAC-D785EF5B526C}.AppStore|Any CPU.Deploy.0 = Release|Any CPU
		{2E6E8E16-43DC-4038-8BAC-D785EF5B526C}.AppStore|ARM.ActiveCfg = Release|Any CPU
		{2E6E8E16-43DC-4038-8BAC-D785EF5B526C}.AppStore|iPhone.ActiveCfg = Release|Any CPU
		{2E6E8E16-43DC-4038-8BAC-D785EF5B526C}.AppStore|iPhoneSimulator.ActiveCfg = Release|Any CPU
		{2E6E8E16-43DC-4038-8BAC-D785EF5B526C}.AppStore|Mixed Platforms.ActiveCfg = Release|Any CPU
		{2E6E8E16-43DC-4038-8BAC-D785EF5B526C}.AppStore|Mixed Platforms.Build.0 = Release|Any CPU
		{2E6E8E16-43DC-4038-8BAC-D785EF5B526C}.AppStore|Mixed Platforms.Deploy.0 = Release|Any CPU
		{2E6E8E16-43DC-4038-8BAC-D785EF5B526C}.AppStore|x86.ActiveCfg = Release|Any CPU
		{2E6E8E16-43DC-4038-8BAC-D785EF5B526C}.Debug|Any CPU.ActiveCfg = Debug|Any CPU
		{2E6E8E16-43DC-4038-8BAC-D785EF5B526C}.Debug|Any CPU.Build.0 = Debug|Any CPU
		{2E6E8E16-43DC-4038-8BAC-D785EF5B526C}.Debug|Any CPU.Deploy.0 = Debug|Any CPU
		{2E6E8E16-43DC-4038-8BAC-D785EF5B526C}.Debug|ARM.ActiveCfg = Debug|Any CPU
		{2E6E8E16-43DC-4038-8BAC-D785EF5B526C}.Debug|iPhone.ActiveCfg = Debug|Any CPU
		{2E6E8E16-43DC-4038-8BAC-D785EF5B526C}.Debug|iPhoneSimulator.ActiveCfg = Debug|Any CPU
		{2E6E8E16-43DC-4038-8BAC-D785EF5B526C}.Debug|Mixed Platforms.ActiveCfg = Debug|Any CPU
		{2E6E8E16-43DC-4038-8BAC-D785EF5B526C}.Debug|Mixed Platforms.Build.0 = Debug|Any CPU
		{2E6E8E16-43DC-4038-8BAC-D785EF5B526C}.Debug|Mixed Platforms.Deploy.0 = Debug|Any CPU
		{2E6E8E16-43DC-4038-8BAC-D785EF5B526C}.Debug|x86.ActiveCfg = Debug|Any CPU
		{2E6E8E16-43DC-4038-8BAC-D785EF5B526C}.Release|Any CPU.ActiveCfg = Release|Any CPU
		{2E6E8E16-43DC-4038-8BAC-D785EF5B526C}.Release|Any CPU.Build.0 = Release|Any CPU
		{2E6E8E16-43DC-4038-8BAC-D785EF5B526C}.Release|Any CPU.Deploy.0 = Release|Any CPU
		{2E6E8E16-43DC-4038-8BAC-D785EF5B526C}.Release|ARM.ActiveCfg = Release|Any CPU
		{2E6E8E16-43DC-4038-8BAC-D785EF5B526C}.Release|iPhone.ActiveCfg = Release|Any CPU
		{2E6E8E16-43DC-4038-8BAC-D785EF5B526C}.Release|iPhoneSimulator.ActiveCfg = Release|Any CPU
		{2E6E8E16-43DC-4038-8BAC-D785EF5B526C}.Release|Mixed Platforms.ActiveCfg = Release|Any CPU
		{2E6E8E16-43DC-4038-8BAC-D785EF5B526C}.Release|Mixed Platforms.Build.0 = Release|Any CPU
		{2E6E8E16-43DC-4038-8BAC-D785EF5B526C}.Release|Mixed Platforms.Deploy.0 = Release|Any CPU
		{2E6E8E16-43DC-4038-8BAC-D785EF5B526C}.Release|x86.ActiveCfg = Release|Any CPU
		{3413ABE5-A201-4B6E-BF19-6BC8D8E8C111}.Ad-Hoc|Any CPU.ActiveCfg = Release|Any CPU
		{3413ABE5-A201-4B6E-BF19-6BC8D8E8C111}.Ad-Hoc|Any CPU.Build.0 = Release|Any CPU
		{3413ABE5-A201-4B6E-BF19-6BC8D8E8C111}.Ad-Hoc|Any CPU.Deploy.0 = Release|Any CPU
		{3413ABE5-A201-4B6E-BF19-6BC8D8E8C111}.Ad-Hoc|ARM.ActiveCfg = Release|ARM
		{3413ABE5-A201-4B6E-BF19-6BC8D8E8C111}.Ad-Hoc|ARM.Build.0 = Release|ARM
		{3413ABE5-A201-4B6E-BF19-6BC8D8E8C111}.Ad-Hoc|ARM.Deploy.0 = Release|ARM
		{3413ABE5-A201-4B6E-BF19-6BC8D8E8C111}.Ad-Hoc|iPhone.ActiveCfg = Release|Any CPU
		{3413ABE5-A201-4B6E-BF19-6BC8D8E8C111}.Ad-Hoc|iPhoneSimulator.ActiveCfg = Release|Any CPU
		{3413ABE5-A201-4B6E-BF19-6BC8D8E8C111}.Ad-Hoc|Mixed Platforms.ActiveCfg = Release|x86
		{3413ABE5-A201-4B6E-BF19-6BC8D8E8C111}.Ad-Hoc|Mixed Platforms.Build.0 = Release|x86
		{3413ABE5-A201-4B6E-BF19-6BC8D8E8C111}.Ad-Hoc|Mixed Platforms.Deploy.0 = Release|x86
		{3413ABE5-A201-4B6E-BF19-6BC8D8E8C111}.Ad-Hoc|x86.ActiveCfg = Release|x86
		{3413ABE5-A201-4B6E-BF19-6BC8D8E8C111}.Ad-Hoc|x86.Build.0 = Release|x86
		{3413ABE5-A201-4B6E-BF19-6BC8D8E8C111}.Ad-Hoc|x86.Deploy.0 = Release|x86
		{3413ABE5-A201-4B6E-BF19-6BC8D8E8C111}.AppStore|Any CPU.ActiveCfg = Release|Any CPU
		{3413ABE5-A201-4B6E-BF19-6BC8D8E8C111}.AppStore|Any CPU.Build.0 = Release|Any CPU
		{3413ABE5-A201-4B6E-BF19-6BC8D8E8C111}.AppStore|Any CPU.Deploy.0 = Release|Any CPU
		{3413ABE5-A201-4B6E-BF19-6BC8D8E8C111}.AppStore|ARM.ActiveCfg = Release|ARM
		{3413ABE5-A201-4B6E-BF19-6BC8D8E8C111}.AppStore|ARM.Build.0 = Release|ARM
		{3413ABE5-A201-4B6E-BF19-6BC8D8E8C111}.AppStore|ARM.Deploy.0 = Release|ARM
		{3413ABE5-A201-4B6E-BF19-6BC8D8E8C111}.AppStore|iPhone.ActiveCfg = Release|Any CPU
		{3413ABE5-A201-4B6E-BF19-6BC8D8E8C111}.AppStore|iPhoneSimulator.ActiveCfg = Release|Any CPU
		{3413ABE5-A201-4B6E-BF19-6BC8D8E8C111}.AppStore|Mixed Platforms.ActiveCfg = Release|x86
		{3413ABE5-A201-4B6E-BF19-6BC8D8E8C111}.AppStore|Mixed Platforms.Build.0 = Release|x86
		{3413ABE5-A201-4B6E-BF19-6BC8D8E8C111}.AppStore|Mixed Platforms.Deploy.0 = Release|x86
		{3413ABE5-A201-4B6E-BF19-6BC8D8E8C111}.AppStore|x86.ActiveCfg = Release|x86
		{3413ABE5-A201-4B6E-BF19-6BC8D8E8C111}.AppStore|x86.Build.0 = Release|x86
		{3413ABE5-A201-4B6E-BF19-6BC8D8E8C111}.AppStore|x86.Deploy.0 = Release|x86
		{3413ABE5-A201-4B6E-BF19-6BC8D8E8C111}.Debug|Any CPU.ActiveCfg = Debug|Any CPU
		{3413ABE5-A201-4B6E-BF19-6BC8D8E8C111}.Debug|Any CPU.Build.0 = Debug|Any CPU
		{3413ABE5-A201-4B6E-BF19-6BC8D8E8C111}.Debug|Any CPU.Deploy.0 = Debug|Any CPU
		{3413ABE5-A201-4B6E-BF19-6BC8D8E8C111}.Debug|ARM.ActiveCfg = Debug|ARM
		{3413ABE5-A201-4B6E-BF19-6BC8D8E8C111}.Debug|ARM.Build.0 = Debug|ARM
		{3413ABE5-A201-4B6E-BF19-6BC8D8E8C111}.Debug|ARM.Deploy.0 = Debug|ARM
		{3413ABE5-A201-4B6E-BF19-6BC8D8E8C111}.Debug|iPhone.ActiveCfg = Debug|Any CPU
		{3413ABE5-A201-4B6E-BF19-6BC8D8E8C111}.Debug|iPhoneSimulator.ActiveCfg = Debug|Any CPU
		{3413ABE5-A201-4B6E-BF19-6BC8D8E8C111}.Debug|Mixed Platforms.ActiveCfg = Debug|x86
		{3413ABE5-A201-4B6E-BF19-6BC8D8E8C111}.Debug|Mixed Platforms.Build.0 = Debug|x86
		{3413ABE5-A201-4B6E-BF19-6BC8D8E8C111}.Debug|Mixed Platforms.Deploy.0 = Debug|x86
		{3413ABE5-A201-4B6E-BF19-6BC8D8E8C111}.Debug|x86.ActiveCfg = Debug|x86
		{3413ABE5-A201-4B6E-BF19-6BC8D8E8C111}.Debug|x86.Build.0 = Debug|x86
		{3413ABE5-A201-4B6E-BF19-6BC8D8E8C111}.Debug|x86.Deploy.0 = Debug|x86
		{3413ABE5-A201-4B6E-BF19-6BC8D8E8C111}.Release|Any CPU.ActiveCfg = Release|Any CPU
		{3413ABE5-A201-4B6E-BF19-6BC8D8E8C111}.Release|Any CPU.Build.0 = Release|Any CPU
		{3413ABE5-A201-4B6E-BF19-6BC8D8E8C111}.Release|Any CPU.Deploy.0 = Release|Any CPU
		{3413ABE5-A201-4B6E-BF19-6BC8D8E8C111}.Release|ARM.ActiveCfg = Release|ARM
		{3413ABE5-A201-4B6E-BF19-6BC8D8E8C111}.Release|ARM.Build.0 = Release|ARM
		{3413ABE5-A201-4B6E-BF19-6BC8D8E8C111}.Release|ARM.Deploy.0 = Release|ARM
		{3413ABE5-A201-4B6E-BF19-6BC8D8E8C111}.Release|iPhone.ActiveCfg = Release|Any CPU
		{3413ABE5-A201-4B6E-BF19-6BC8D8E8C111}.Release|iPhoneSimulator.ActiveCfg = Release|Any CPU
		{3413ABE5-A201-4B6E-BF19-6BC8D8E8C111}.Release|Mixed Platforms.ActiveCfg = Release|x86
		{3413ABE5-A201-4B6E-BF19-6BC8D8E8C111}.Release|Mixed Platforms.Build.0 = Release|x86
		{3413ABE5-A201-4B6E-BF19-6BC8D8E8C111}.Release|Mixed Platforms.Deploy.0 = Release|x86
		{3413ABE5-A201-4B6E-BF19-6BC8D8E8C111}.Release|x86.ActiveCfg = Release|x86
		{3413ABE5-A201-4B6E-BF19-6BC8D8E8C111}.Release|x86.Build.0 = Release|x86
		{3413ABE5-A201-4B6E-BF19-6BC8D8E8C111}.Release|x86.Deploy.0 = Release|x86
	EndGlobalSection
	GlobalSection(SolutionProperties) = preSolution
		HideSolutionNode = FALSE
	EndGlobalSection
	GlobalSection(NestedProjects) = preSolution
		{20A6CB49-B23E-473E-9614-852584DA3738} = {DADDDB97-11FF-48A8-AA8B-5C3D64252967}
		{4AB56DD1-EA76-41C6-868D-AB7476FC3F41} = {DADDDB97-11FF-48A8-AA8B-5C3D64252967}
		{2E6E8E16-43DC-4038-8BAC-D785EF5B526C} = {DADDDB97-11FF-48A8-AA8B-5C3D64252967}
		{3413ABE5-A201-4B6E-BF19-6BC8D8E8C111} = {DADDDB97-11FF-48A8-AA8B-5C3D64252967}
	EndGlobalSection
EndGlobal
